
Microsoft Visual Studio Solution File, Format Version 12.00
# Visual Studio Version 17
VisualStudioVersion = 17.1.32210.238
MinimumVisualStudioVersion = 10.0.40219.1
Project("{FAE04EC0-301F-11D3-BF4B-00C04F79EFBC}") = "Practica1", "Practica1.csproj", "{04167B84-62B2-4E5F-9030-8E234BB592EF}"
EndProject
Global
	GlobalSection(SolutionConfigurationPlatforms) = preSolution
		Debug|Any CPU = Debug|Any CPU
		Release|Any CPU = Release|Any CPU
	EndGlobalSection
	GlobalSection(ProjectConfigurationPlatforms) = postSolution
		{04167B84-62B2-4E5F-9030-8E234BB592EF}.Debug|Any CPU.ActiveCfg = Debug|Any CPU
		{04167B84-62B2-4E5F-9030-8E234BB592EF}.Debug|Any CPU.Build.0 = Debug|Any CPU
		{04167B84-62B2-4E5F-9030-8E234BB592EF}.Release|Any CPU.ActiveCfg = Release|Any CPU
		{04167B84-62B2-4E5F-9030-8E234BB592EF}.Release|Any CPU.Build.0 = Release|Any CPU
	EndGlobalSection
	GlobalSection(SolutionProperties) = preSolution
		HideSolutionNode = FALSE
	EndGlobalSection
	GlobalSection(ExtensibilityGlobals) = postSolution
		SolutionGuid = {C0012D0D-EDAF-4843-AE11-E95C0AF54ECA}
	EndGlobalSection
EndGlobal
